
Microsoft Visual Studio Solution File, Format Version 12.00
# Visual Studio Version 16
VisualStudioVersion = 16.0.31321.278
MinimumVisualStudioVersion = 10.0.40219.1
Project("{9A19103F-16F7-4668-BE54-9A1E7A4F7556}") = "FakeNewsFilter.Data", "FakeNewsFilter.Data\FakeNewsFilter.Data.csproj", "{DF013B35-79E3-4C7D-AC69-FC8A7AE0CBD8}"
EndProject
Project("{9A19103F-16F7-4668-BE54-9A1E7A4F7556}") = "FakeNewsFilter.Application", "FakeNewsFilter.Application\FakeNewsFilter.Application.csproj", "{2AF7A27C-C650-4F11-A291-3D2E8E4659F8}"
EndProject
Project("{9A19103F-16F7-4668-BE54-9A1E7A4F7556}") = "FakeNewsFilter.Utilities", "FakeNewsFilter.Utilities\FakeNewsFilter.Utilities.csproj", "{89622AF7-C137-4246-866D-0604EE16E16A}"
EndProject
Project("{9A19103F-16F7-4668-BE54-9A1E7A4F7556}") = "FakeNewsFilter.ViewModel", "FakeNewsFilter.ViewModel\FakeNewsFilter.ViewModel.csproj", "{BA376108-2BBD-41DE-BA9A-0A06A260B988}"
EndProject
Project("{2150E333-8FDC-42A3-9474-1A3956D46DE8}") = "Infrastructures", "Infrastructures", "{DF5A968E-8B94-4F4E-96DA-6E9EF40A4C6B}"
EndProject
Project("{2150E333-8FDC-42A3-9474-1A3956D46DE8}") = "Domain", "Domain", "{E7E676BA-3849-44C6-B9D4-66F179A0E562}"
EndProject
Project("{2150E333-8FDC-42A3-9474-1A3956D46DE8}") = "Host", "Host", "{61068DD9-3284-44BD-99DF-F9A126D4FBB7}"
EndProject
Project("{FAE04EC0-301F-11D3-BF4B-00C04F79EFBC}") = "FakeNewsFilter.AdminApp", "FakeNewsFilter.AdminApp\FakeNewsFilter.AdminApp.csproj", "{97DE56D6-3F29-4046-89A4-4DADB5C373DF}"
EndProject
Project("{FAE04EC0-301F-11D3-BF4B-00C04F79EFBC}") = "FakeNewsFilter.API", "FakeNewsFilter.API\FakeNewsFilter.API.csproj", "{125A9BAC-17C7-403F-AF22-2CEC630C0440}"
EndProject
Project("{FAE04EC0-301F-11D3-BF4B-00C04F79EFBC}") = "FakeNewsFilter.UserApp", "FakeNewsFilter.UserApp\FakeNewsFilter.UserApp.csproj", "{6399929E-CAC0-4DE1-A536-FE2BF22512A7}"
EndProject
Project("{FAE04EC0-301F-11D3-BF4B-00C04F79EFBC}") = "FakeNewsFilter.ClientService", "FakeNewsFilter.ClientService\FakeNewsFilter.ClientService.csproj", "{6833A34D-88A9-40CA-BF12-F5A63535A6E4}"
EndProject
Global
	GlobalSection(SolutionConfigurationPlatforms) = preSolution
		Debug|Any CPU = Debug|Any CPU
		Release|Any CPU = Release|Any CPU
	EndGlobalSection
	GlobalSection(ProjectConfigurationPlatforms) = postSolution
		{DF013B35-79E3-4C7D-AC69-FC8A7AE0CBD8}.Debug|Any CPU.ActiveCfg = Debug|Any CPU
		{DF013B35-79E3-4C7D-AC69-FC8A7AE0CBD8}.Debug|Any CPU.Build.0 = Debug|Any CPU
		{DF013B35-79E3-4C7D-AC69-FC8A7AE0CBD8}.Release|Any CPU.ActiveCfg = Release|Any CPU
		{DF013B35-79E3-4C7D-AC69-FC8A7AE0CBD8}.Release|Any CPU.Build.0 = Release|Any CPU
		{2AF7A27C-C650-4F11-A291-3D2E8E4659F8}.Debug|Any CPU.ActiveCfg = Debug|Any CPU
		{2AF7A27C-C650-4F11-A291-3D2E8E4659F8}.Debug|Any CPU.Build.0 = Debug|Any CPU
		{2AF7A27C-C650-4F11-A291-3D2E8E4659F8}.Release|Any CPU.ActiveCfg = Release|Any CPU
		{2AF7A27C-C650-4F11-A291-3D2E8E4659F8}.Release|Any CPU.Build.0 = Release|Any CPU
		{89622AF7-C137-4246-866D-0604EE16E16A}.Debug|Any CPU.ActiveCfg = Debug|Any CPU
		{89622AF7-C137-4246-866D-0604EE16E16A}.Debug|Any CPU.Build.0 = Debug|Any CPU
		{89622AF7-C137-4246-866D-0604EE16E16A}.Release|Any CPU.ActiveCfg = Release|Any CPU
		{89622AF7-C137-4246-866D-0604EE16E16A}.Release|Any CPU.Build.0 = Release|Any CPU
		{BA376108-2BBD-41DE-BA9A-0A06A260B988}.Debug|Any CPU.ActiveCfg = Debug|Any CPU
		{BA376108-2BBD-41DE-BA9A-0A06A260B988}.Debug|Any CPU.Build.0 = Debug|Any CPU
		{BA376108-2BBD-41DE-BA9A-0A06A260B988}.Release|Any CPU.ActiveCfg = Release|Any CPU
		{BA376108-2BBD-41DE-BA9A-0A06A260B988}.Release|Any CPU.Build.0 = Release|Any CPU
		{97DE56D6-3F29-4046-89A4-4DADB5C373DF}.Debug|Any CPU.ActiveCfg = Debug|Any CPU
		{97DE56D6-3F29-4046-89A4-4DADB5C373DF}.Debug|Any CPU.Build.0 = Debug|Any CPU
		{97DE56D6-3F29-4046-89A4-4DADB5C373DF}.Release|Any CPU.ActiveCfg = Release|Any CPU
		{97DE56D6-3F29-4046-89A4-4DADB5C373DF}.Release|Any CPU.Build.0 = Release|Any CPU
		{125A9BAC-17C7-403F-AF22-2CEC630C0440}.Debug|Any CPU.ActiveCfg = Debug|Any CPU
		{125A9BAC-17C7-403F-AF22-2CEC630C0440}.Debug|Any CPU.Build.0 = Debug|Any CPU
		{125A9BAC-17C7-403F-AF22-2CEC630C0440}.Release|Any CPU.ActiveCfg = Release|Any CPU
		{125A9BAC-17C7-403F-AF22-2CEC630C0440}.Release|Any CPU.Build.0 = Release|Any CPU
		{6399929E-CAC0-4DE1-A536-FE2BF22512A7}.Debug|Any CPU.ActiveCfg = Debug|Any CPU
		{6399929E-CAC0-4DE1-A536-FE2BF22512A7}.Debug|Any CPU.Build.0 = Debug|Any CPU
		{6399929E-CAC0-4DE1-A536-FE2BF22512A7}.Release|Any CPU.ActiveCfg = Release|Any CPU
		{6399929E-CAC0-4DE1-A536-FE2BF22512A7}.Release|Any CPU.Build.0 = Release|Any CPU
		{6833A34D-88A9-40CA-BF12-F5A63535A6E4}.Debug|Any CPU.ActiveCfg = Debug|Any CPU
		{6833A34D-88A9-40CA-BF12-F5A63535A6E4}.Debug|Any CPU.Build.0 = Debug|Any CPU
		{6833A34D-88A9-40CA-BF12-F5A63535A6E4}.Release|Any CPU.ActiveCfg = Release|Any CPU
		{6833A34D-88A9-40CA-BF12-F5A63535A6E4}.Release|Any CPU.Build.0 = Release|Any CPU
	EndGlobalSection
	GlobalSection(SolutionProperties) = preSolution
		HideSolutionNode = FALSE
	EndGlobalSection
	GlobalSection(NestedProjects) = preSolution
		{DF013B35-79E3-4C7D-AC69-FC8A7AE0CBD8} = {E7E676BA-3849-44C6-B9D4-66F179A0E562}
		{2AF7A27C-C650-4F11-A291-3D2E8E4659F8} = {E7E676BA-3849-44C6-B9D4-66F179A0E562}
		{89622AF7-C137-4246-866D-0604EE16E16A} = {DF5A968E-8B94-4F4E-96DA-6E9EF40A4C6B}
		{BA376108-2BBD-41DE-BA9A-0A06A260B988} = {DF5A968E-8B94-4F4E-96DA-6E9EF40A4C6B}
		{97DE56D6-3F29-4046-89A4-4DADB5C373DF} = {61068DD9-3284-44BD-99DF-F9A126D4FBB7}
		{125A9BAC-17C7-403F-AF22-2CEC630C0440} = {61068DD9-3284-44BD-99DF-F9A126D4FBB7}
		{6399929E-CAC0-4DE1-A536-FE2BF22512A7} = {61068DD9-3284-44BD-99DF-F9A126D4FBB7}
		{6833A34D-88A9-40CA-BF12-F5A63535A6E4} = {E7E676BA-3849-44C6-B9D4-66F179A0E562}
	EndGlobalSection
	GlobalSection(ExtensibilityGlobals) = postSolution
		SolutionGuid = {8EA5F126-401A-47B1-9CE5-45942D2D6118}
	EndGlobalSection
EndGlobal
