
Microsoft Visual Studio Solution File, Format Version 12.00
# Visual Studio Version 16
VisualStudioVersion = 16.0.31321.278
MinimumVisualStudioVersion = 10.0.40219.1
Project("{FAE04EC0-301F-11D3-BF4B-00C04F79EFBC}") = "FakeNewsFilter", "FakeNewsFilter\FakeNewsFilter.csproj", "{2A7B9553-91AE-4763-A111-4BB9D53F9CAA}"
EndProject
Project("{FAE04EC0-301F-11D3-BF4B-00C04F79EFBC}") = "FakeNewsFilter.Data", "FakeNewsFilter.Data\FakeNewsFilter.Data.csproj", "{DF013B35-79E3-4C7D-AC69-FC8A7AE0CBD8}"
EndProject
Project("{FAE04EC0-301F-11D3-BF4B-00C04F79EFBC}") = "FakeNewsFilter.Application", "FakeNewsFilter.Application\FakeNewsFilter.Application.csproj", "{2AF7A27C-C650-4F11-A291-3D2E8E4659F8}"
EndProject
Project("{FAE04EC0-301F-11D3-BF4B-00C04F79EFBC}") = "FakeNewsFilter.Utilities", "FakeNewsFilter.Utilities\FakeNewsFilter.Utilities.csproj", "{89622AF7-C137-4246-866D-0604EE16E16A}"
EndProject
Global
	GlobalSection(SolutionConfigurationPlatforms) = preSolution
		Debug|Any CPU = Debug|Any CPU
		Release|Any CPU = Release|Any CPU
	EndGlobalSection
	GlobalSection(ProjectConfigurationPlatforms) = postSolution
		{2A7B9553-91AE-4763-A111-4BB9D53F9CAA}.Debug|Any CPU.ActiveCfg = Debug|Any CPU
		{2A7B9553-91AE-4763-A111-4BB9D53F9CAA}.Debug|Any CPU.Build.0 = Debug|Any CPU
		{2A7B9553-91AE-4763-A111-4BB9D53F9CAA}.Release|Any CPU.ActiveCfg = Release|Any CPU
		{2A7B9553-91AE-4763-A111-4BB9D53F9CAA}.Release|Any CPU.Build.0 = Release|Any CPU
		{DF013B35-79E3-4C7D-AC69-FC8A7AE0CBD8}.Debug|Any CPU.ActiveCfg = Debug|Any CPU
		{DF013B35-79E3-4C7D-AC69-FC8A7AE0CBD8}.Debug|Any CPU.Build.0 = Debug|Any CPU
		{DF013B35-79E3-4C7D-AC69-FC8A7AE0CBD8}.Release|Any CPU.ActiveCfg = Release|Any CPU
		{DF013B35-79E3-4C7D-AC69-FC8A7AE0CBD8}.Release|Any CPU.Build.0 = Release|Any CPU
		{2AF7A27C-C650-4F11-A291-3D2E8E4659F8}.Debug|Any CPU.ActiveCfg = Debug|Any CPU
		{2AF7A27C-C650-4F11-A291-3D2E8E4659F8}.Debug|Any CPU.Build.0 = Debug|Any CPU
		{2AF7A27C-C650-4F11-A291-3D2E8E4659F8}.Release|Any CPU.ActiveCfg = Release|Any CPU
		{2AF7A27C-C650-4F11-A291-3D2E8E4659F8}.Release|Any CPU.Build.0 = Release|Any CPU
		{89622AF7-C137-4246-866D-0604EE16E16A}.Debug|Any CPU.ActiveCfg = Debug|Any CPU
		{89622AF7-C137-4246-866D-0604EE16E16A}.Debug|Any CPU.Build.0 = Debug|Any CPU
		{89622AF7-C137-4246-866D-0604EE16E16A}.Release|Any CPU.ActiveCfg = Release|Any CPU
		{89622AF7-C137-4246-866D-0604EE16E16A}.Release|Any CPU.Build.0 = Release|Any CPU
	EndGlobalSection
	GlobalSection(SolutionProperties) = preSolution
		HideSolutionNode = FALSE
	EndGlobalSection
	GlobalSection(ExtensibilityGlobals) = postSolution
		SolutionGuid = {8EA5F126-401A-47B1-9CE5-45942D2D6118}
	EndGlobalSection
EndGlobal
