
Microsoft Visual Studio Solution File, Format Version 12.00
# Visual Studio Version 16
VisualStudioVersion = 16.0.31321.278
MinimumVisualStudioVersion = 10.0.40219.1
Project("{9A19103F-16F7-4668-BE54-9A1E7A4F7556}") = "FakeNewsFilter.API", "FakeNewsFilter\FakeNewsFilter.API.csproj", "{2A7B9553-91AE-4763-A111-4BB9D53F9CAA}"
EndProject
Project("{9A19103F-16F7-4668-BE54-9A1E7A4F7556}") = "FakeNewsFilter.Data", "FakeNewsFilter.Data\FakeNewsFilter.Data.csproj", "{DF013B35-79E3-4C7D-AC69-FC8A7AE0CBD8}"
EndProject
Project("{9A19103F-16F7-4668-BE54-9A1E7A4F7556}") = "FakeNewsFilter.Application", "FakeNewsFilter.Application\FakeNewsFilter.Application.csproj", "{2AF7A27C-C650-4F11-A291-3D2E8E4659F8}"
EndProject
Project("{9A19103F-16F7-4668-BE54-9A1E7A4F7556}") = "FakeNewsFilter.Utilities", "FakeNewsFilter.Utilities\FakeNewsFilter.Utilities.csproj", "{89622AF7-C137-4246-866D-0604EE16E16A}"
EndProject
Project("{9A19103F-16F7-4668-BE54-9A1E7A4F7556}") = "FakeNewsFilter.ViewModel", "FakeNewsFilter.ViewModel\FakeNewsFilter.ViewModel.csproj", "{BA376108-2BBD-41DE-BA9A-0A06A260B988}"
EndProject
Project("{9A19103F-16F7-4668-BE54-9A1E7A4F7556}") = "FakeNewsFilter.WebApp", "FakeNewsFilter.WebApp\FakeNewsFilter.WebApp.csproj", "{2B8B46E8-80F3-46DE-B22F-6E9A79876914}"
EndProject
Global
	GlobalSection(SolutionConfigurationPlatforms) = preSolution
		Debug|Any CPU = Debug|Any CPU
		Release|Any CPU = Release|Any CPU
	EndGlobalSection
	GlobalSection(ProjectConfigurationPlatforms) = postSolution
		{2A7B9553-91AE-4763-A111-4BB9D53F9CAA}.Debug|Any CPU.ActiveCfg = Debug|Any CPU
		{2A7B9553-91AE-4763-A111-4BB9D53F9CAA}.Debug|Any CPU.Build.0 = Debug|Any CPU
		{2A7B9553-91AE-4763-A111-4BB9D53F9CAA}.Release|Any CPU.ActiveCfg = Release|Any CPU
		{2A7B9553-91AE-4763-A111-4BB9D53F9CAA}.Release|Any CPU.Build.0 = Release|Any CPU
		{DF013B35-79E3-4C7D-AC69-FC8A7AE0CBD8}.Debug|Any CPU.ActiveCfg = Debug|Any CPU
		{DF013B35-79E3-4C7D-AC69-FC8A7AE0CBD8}.Debug|Any CPU.Build.0 = Debug|Any CPU
		{DF013B35-79E3-4C7D-AC69-FC8A7AE0CBD8}.Release|Any CPU.ActiveCfg = Release|Any CPU
		{DF013B35-79E3-4C7D-AC69-FC8A7AE0CBD8}.Release|Any CPU.Build.0 = Release|Any CPU
		{2AF7A27C-C650-4F11-A291-3D2E8E4659F8}.Debug|Any CPU.ActiveCfg = Debug|Any CPU
		{2AF7A27C-C650-4F11-A291-3D2E8E4659F8}.Debug|Any CPU.Build.0 = Debug|Any CPU
		{2AF7A27C-C650-4F11-A291-3D2E8E4659F8}.Release|Any CPU.ActiveCfg = Release|Any CPU
		{2AF7A27C-C650-4F11-A291-3D2E8E4659F8}.Release|Any CPU.Build.0 = Release|Any CPU
		{89622AF7-C137-4246-866D-0604EE16E16A}.Debug|Any CPU.ActiveCfg = Debug|Any CPU
		{89622AF7-C137-4246-866D-0604EE16E16A}.Debug|Any CPU.Build.0 = Debug|Any CPU
		{89622AF7-C137-4246-866D-0604EE16E16A}.Release|Any CPU.ActiveCfg = Release|Any CPU
		{89622AF7-C137-4246-866D-0604EE16E16A}.Release|Any CPU.Build.0 = Release|Any CPU
		{BA376108-2BBD-41DE-BA9A-0A06A260B988}.Debug|Any CPU.ActiveCfg = Debug|Any CPU
		{BA376108-2BBD-41DE-BA9A-0A06A260B988}.Debug|Any CPU.Build.0 = Debug|Any CPU
		{BA376108-2BBD-41DE-BA9A-0A06A260B988}.Release|Any CPU.ActiveCfg = Release|Any CPU
		{BA376108-2BBD-41DE-BA9A-0A06A260B988}.Release|Any CPU.Build.0 = Release|Any CPU
		{2B8B46E8-80F3-46DE-B22F-6E9A79876914}.Debug|Any CPU.ActiveCfg = Debug|Any CPU
		{2B8B46E8-80F3-46DE-B22F-6E9A79876914}.Debug|Any CPU.Build.0 = Debug|Any CPU
		{2B8B46E8-80F3-46DE-B22F-6E9A79876914}.Release|Any CPU.ActiveCfg = Release|Any CPU
		{2B8B46E8-80F3-46DE-B22F-6E9A79876914}.Release|Any CPU.Build.0 = Release|Any CPU
	EndGlobalSection
	GlobalSection(SolutionProperties) = preSolution
		HideSolutionNode = FALSE
	EndGlobalSection
	GlobalSection(ExtensibilityGlobals) = postSolution
		SolutionGuid = {8EA5F126-401A-47B1-9CE5-45942D2D6118}
	EndGlobalSection
EndGlobal
